<?xml version="1.0" encoding="UTF-8"?>
<CodeBlocks_project_file>
	<FileVersion major="1" minor="6"/>
	<Project>
		<Option title="chess-engine"/>
		<Option makefile_is_custom="1"/>
		<Option compiler="gcc"/>
		<Option virtualFolders="CMake Files\;CMake Files\src\;CMake Files\src\shallow-blue-fork\;CMake Files\src\tinyosc\;"/>
		<Build>
			<Target title="all">
				<Option working_dir="/Users/wouter/Documents/School/SysteemBasis/csd_proj/chess-engine"/>
				<Option type="4"/>
				<MakeCommands>
					<Build command="/usr/bin/make -f &quot;/Users/wouter/Documents/School/SysteemBasis/csd_proj/chess-engine/Makefile&quot;  VERBOSE=1 all"/>
					<CompileFile command="/usr/bin/make -f &quot;/Users/wouter/Documents/School/SysteemBasis/csd_proj/chess-engine/Makefile&quot;  VERBOSE=1 &quot;$file&quot;"/>
					<Clean command="/usr/bin/make -f &quot;/Users/wouter/Documents/School/SysteemBasis/csd_proj/chess-engine/Makefile&quot;  VERBOSE=1 clean"/>
					<DistClean command="/usr/bin/make -f &quot;/Users/wouter/Documents/School/SysteemBasis/csd_proj/chess-engine/Makefile&quot;  VERBOSE=1 clean"/>
				</MakeCommands>
			</Target>
			<Target title="rebuild_cache">
				<Option working_dir="/Users/wouter/Documents/School/SysteemBasis/csd_proj/chess-engine"/>
				<Option type="4"/>
				<MakeCommands>
					<Build command="/usr/bin/make -f &quot;/Users/wouter/Documents/School/SysteemBasis/csd_proj/chess-engine/Makefile&quot;  VERBOSE=1 rebuild_cache"/>
					<CompileFile command="/usr/bin/make -f &quot;/Users/wouter/Documents/School/SysteemBasis/csd_proj/chess-engine/Makefile&quot;  VERBOSE=1 &quot;$file&quot;"/>
					<Clean command="/usr/bin/make -f &quot;/Users/wouter/Documents/School/SysteemBasis/csd_proj/chess-engine/Makefile&quot;  VERBOSE=1 clean"/>
					<DistClean command="/usr/bin/make -f &quot;/Users/wouter/Documents/School/SysteemBasis/csd_proj/chess-engine/Makefile&quot;  VERBOSE=1 clean"/>
				</MakeCommands>
			</Target>
			<Target title="edit_cache">
				<Option working_dir="/Users/wouter/Documents/School/SysteemBasis/csd_proj/chess-engine"/>
				<Option type="4"/>
				<MakeCommands>
					<Build command="/usr/bin/make -f &quot;/Users/wouter/Documents/School/SysteemBasis/csd_proj/chess-engine/Makefile&quot;  VERBOSE=1 edit_cache"/>
					<CompileFile command="/usr/bin/make -f &quot;/Users/wouter/Documents/School/SysteemBasis/csd_proj/chess-engine/Makefile&quot;  VERBOSE=1 &quot;$file&quot;"/>
					<Clean command="/usr/bin/make -f &quot;/Users/wouter/Documents/School/SysteemBasis/csd_proj/chess-engine/Makefile&quot;  VERBOSE=1 clean"/>
					<DistClean command="/usr/bin/make -f &quot;/Users/wouter/Documents/School/SysteemBasis/csd_proj/chess-engine/Makefile&quot;  VERBOSE=1 clean"/>
				</MakeCommands>
			</Target>
			<Target title="chess-engine">
				<Option output="/Users/wouter/Documents/School/SysteemBasis/csd_proj/chess-engine/build/chess-engine" prefix_auto="0" extension_auto="0"/>
				<Option working_dir="/Users/wouter/Documents/School/SysteemBasis/csd_proj/chess-engine/src"/>
				<Option object_output="./"/>
				<Option type="1"/>
				<Option compiler="gcc"/>
				<Compiler>
					<Add directory="/Users/wouter/Documents/School/SysteemBasis/csd_proj/chess-engine/src/shallow-blue-fork"/>
					<Add directory="/Users/wouter/Documents/School/SysteemBasis/csd_proj/chess-engine/src/tinyosc"/>
				</Compiler>
				<MakeCommands>
					<Build command="/usr/bin/make -f &quot;/Users/wouter/Documents/School/SysteemBasis/csd_proj/chess-engine/src/Makefile&quot;  VERBOSE=1 chess-engine"/>
					<CompileFile command="/usr/bin/make -f &quot;/Users/wouter/Documents/School/SysteemBasis/csd_proj/chess-engine/src/Makefile&quot;  VERBOSE=1 &quot;$file&quot;"/>
					<Clean command="/usr/bin/make -f &quot;/Users/wouter/Documents/School/SysteemBasis/csd_proj/chess-engine/src/Makefile&quot;  VERBOSE=1 clean"/>
					<DistClean command="/usr/bin/make -f &quot;/Users/wouter/Documents/School/SysteemBasis/csd_proj/chess-engine/src/Makefile&quot;  VERBOSE=1 clean"/>
				</MakeCommands>
			</Target>
			<Target title="chess-engine/fast">
				<Option output="/Users/wouter/Documents/School/SysteemBasis/csd_proj/chess-engine/build/chess-engine" prefix_auto="0" extension_auto="0"/>
				<Option working_dir="/Users/wouter/Documents/School/SysteemBasis/csd_proj/chess-engine/src"/>
				<Option object_output="./"/>
				<Option type="1"/>
				<Option compiler="gcc"/>
				<Compiler>
					<Add directory="/Users/wouter/Documents/School/SysteemBasis/csd_proj/chess-engine/src/shallow-blue-fork"/>
					<Add directory="/Users/wouter/Documents/School/SysteemBasis/csd_proj/chess-engine/src/tinyosc"/>
				</Compiler>
				<MakeCommands>
					<Build command="/usr/bin/make -f &quot;/Users/wouter/Documents/School/SysteemBasis/csd_proj/chess-engine/src/Makefile&quot;  VERBOSE=1 chess-engine/fast"/>
					<CompileFile command="/usr/bin/make -f &quot;/Users/wouter/Documents/School/SysteemBasis/csd_proj/chess-engine/src/Makefile&quot;  VERBOSE=1 &quot;$file&quot;"/>
					<Clean command="/usr/bin/make -f &quot;/Users/wouter/Documents/School/SysteemBasis/csd_proj/chess-engine/src/Makefile&quot;  VERBOSE=1 clean"/>
					<DistClean command="/usr/bin/make -f &quot;/Users/wouter/Documents/School/SysteemBasis/csd_proj/chess-engine/src/Makefile&quot;  VERBOSE=1 clean"/>
				</MakeCommands>
			</Target>
			<Target title="shallow-blue">
				<Option output="/Users/wouter/Documents/School/SysteemBasis/csd_proj/chess-engine/src/shallow-blue-fork/libshallow-blue.a" prefix_auto="0" extension_auto="0"/>
				<Option working_dir="/Users/wouter/Documents/School/SysteemBasis/csd_proj/chess-engine/src/shallow-blue-fork"/>
				<Option object_output="./"/>
				<Option type="2"/>
				<Option compiler="gcc"/>
				<Compiler>
					<Add directory="/Users/wouter/Documents/School/SysteemBasis/csd_proj/chess-engine/src/shallow-blue-fork"/>
				</Compiler>
				<MakeCommands>
					<Build command="/usr/bin/make -f &quot;/Users/wouter/Documents/School/SysteemBasis/csd_proj/chess-engine/src/shallow-blue-fork/Makefile&quot;  VERBOSE=1 shallow-blue"/>
					<CompileFile command="/usr/bin/make -f &quot;/Users/wouter/Documents/School/SysteemBasis/csd_proj/chess-engine/src/shallow-blue-fork/Makefile&quot;  VERBOSE=1 &quot;$file&quot;"/>
					<Clean command="/usr/bin/make -f &quot;/Users/wouter/Documents/School/SysteemBasis/csd_proj/chess-engine/src/shallow-blue-fork/Makefile&quot;  VERBOSE=1 clean"/>
					<DistClean command="/usr/bin/make -f &quot;/Users/wouter/Documents/School/SysteemBasis/csd_proj/chess-engine/src/shallow-blue-fork/Makefile&quot;  VERBOSE=1 clean"/>
				</MakeCommands>
			</Target>
			<Target title="shallow-blue/fast">
				<Option output="/Users/wouter/Documents/School/SysteemBasis/csd_proj/chess-engine/src/shallow-blue-fork/libshallow-blue.a" prefix_auto="0" extension_auto="0"/>
				<Option working_dir="/Users/wouter/Documents/School/SysteemBasis/csd_proj/chess-engine/src/shallow-blue-fork"/>
				<Option object_output="./"/>
				<Option type="2"/>
				<Option compiler="gcc"/>
				<Compiler>
					<Add directory="/Users/wouter/Documents/School/SysteemBasis/csd_proj/chess-engine/src/shallow-blue-fork"/>
				</Compiler>
				<MakeCommands>
					<Build command="/usr/bin/make -f &quot;/Users/wouter/Documents/School/SysteemBasis/csd_proj/chess-engine/src/shallow-blue-fork/Makefile&quot;  VERBOSE=1 shallow-blue/fast"/>
					<CompileFile command="/usr/bin/make -f &quot;/Users/wouter/Documents/School/SysteemBasis/csd_proj/chess-engine/src/shallow-blue-fork/Makefile&quot;  VERBOSE=1 &quot;$file&quot;"/>
					<Clean command="/usr/bin/make -f &quot;/Users/wouter/Documents/School/SysteemBasis/csd_proj/chess-engine/src/shallow-blue-fork/Makefile&quot;  VERBOSE=1 clean"/>
					<DistClean command="/usr/bin/make -f &quot;/Users/wouter/Documents/School/SysteemBasis/csd_proj/chess-engine/src/shallow-blue-fork/Makefile&quot;  VERBOSE=1 clean"/>
				</MakeCommands>
			</Target>
			<Target title="tiny-osc">
				<Option output="/Users/wouter/Documents/School/SysteemBasis/csd_proj/chess-engine/src/tinyosc/libtiny-osc.a" prefix_auto="0" extension_auto="0"/>
				<Option working_dir="/Users/wouter/Documents/School/SysteemBasis/csd_proj/chess-engine/src/tinyosc"/>
				<Option object_output="./"/>
				<Option type="2"/>
				<Option compiler="gcc"/>
				<Compiler>
					<Add directory="/Users/wouter/Documents/School/SysteemBasis/csd_proj/chess-engine/src/tinyosc"/>
				</Compiler>
				<MakeCommands>
					<Build command="/usr/bin/make -f &quot;/Users/wouter/Documents/School/SysteemBasis/csd_proj/chess-engine/src/tinyosc/Makefile&quot;  VERBOSE=1 tiny-osc"/>
					<CompileFile command="/usr/bin/make -f &quot;/Users/wouter/Documents/School/SysteemBasis/csd_proj/chess-engine/src/tinyosc/Makefile&quot;  VERBOSE=1 &quot;$file&quot;"/>
					<Clean command="/usr/bin/make -f &quot;/Users/wouter/Documents/School/SysteemBasis/csd_proj/chess-engine/src/tinyosc/Makefile&quot;  VERBOSE=1 clean"/>
					<DistClean command="/usr/bin/make -f &quot;/Users/wouter/Documents/School/SysteemBasis/csd_proj/chess-engine/src/tinyosc/Makefile&quot;  VERBOSE=1 clean"/>
				</MakeCommands>
			</Target>
			<Target title="tiny-osc/fast">
				<Option output="/Users/wouter/Documents/School/SysteemBasis/csd_proj/chess-engine/src/tinyosc/libtiny-osc.a" prefix_auto="0" extension_auto="0"/>
				<Option working_dir="/Users/wouter/Documents/School/SysteemBasis/csd_proj/chess-engine/src/tinyosc"/>
				<Option object_output="./"/>
				<Option type="2"/>
				<Option compiler="gcc"/>
				<Compiler>
					<Add directory="/Users/wouter/Documents/School/SysteemBasis/csd_proj/chess-engine/src/tinyosc"/>
				</Compiler>
				<MakeCommands>
					<Build command="/usr/bin/make -f &quot;/Users/wouter/Documents/School/SysteemBasis/csd_proj/chess-engine/src/tinyosc/Makefile&quot;  VERBOSE=1 tiny-osc/fast"/>
					<CompileFile command="/usr/bin/make -f &quot;/Users/wouter/Documents/School/SysteemBasis/csd_proj/chess-engine/src/tinyosc/Makefile&quot;  VERBOSE=1 &quot;$file&quot;"/>
					<Clean command="/usr/bin/make -f &quot;/Users/wouter/Documents/School/SysteemBasis/csd_proj/chess-engine/src/tinyosc/Makefile&quot;  VERBOSE=1 clean"/>
					<DistClean command="/usr/bin/make -f &quot;/Users/wouter/Documents/School/SysteemBasis/csd_proj/chess-engine/src/tinyosc/Makefile&quot;  VERBOSE=1 clean"/>
				</MakeCommands>
			</Target>
		</Build>
		<Unit filename="/Users/wouter/Documents/School/SysteemBasis/csd_proj/chess-engine/src/main.cpp">
			<Option target="chess-engine"/>
		</Unit>
		<Unit filename="/Users/wouter/Documents/School/SysteemBasis/csd_proj/chess-engine/src/shallow-blue-fork/shallow_blue_interface.hpp">
			<Option target="shallow-blue"/>
		</Unit>
		<Unit filename="/Users/wouter/Documents/School/SysteemBasis/csd_proj/chess-engine/src/shallow-blue-fork/src/attacks.cc">
			<Option target="shallow-blue"/>
		</Unit>
		<Unit filename="/Users/wouter/Documents/School/SysteemBasis/csd_proj/chess-engine/src/shallow-blue-fork/src/attacks.h">
			<Option target="shallow-blue"/>
		</Unit>
		<Unit filename="/Users/wouter/Documents/School/SysteemBasis/csd_proj/chess-engine/src/shallow-blue-fork/src/bitutils.h">
			<Option target="shallow-blue"/>
		</Unit>
		<Unit filename="/Users/wouter/Documents/School/SysteemBasis/csd_proj/chess-engine/src/shallow-blue-fork/src/board.cc">
			<Option target="shallow-blue"/>
		</Unit>
		<Unit filename="/Users/wouter/Documents/School/SysteemBasis/csd_proj/chess-engine/src/shallow-blue-fork/src/board.h">
			<Option target="shallow-blue"/>
		</Unit>
		<Unit filename="/Users/wouter/Documents/School/SysteemBasis/csd_proj/chess-engine/src/shallow-blue-fork/src/book.cc">
			<Option target="shallow-blue"/>
		</Unit>
		<Unit filename="/Users/wouter/Documents/School/SysteemBasis/csd_proj/chess-engine/src/shallow-blue-fork/src/book.h">
			<Option target="shallow-blue"/>
		</Unit>
		<Unit filename="/Users/wouter/Documents/School/SysteemBasis/csd_proj/chess-engine/src/shallow-blue-fork/src/defs.h">
			<Option target="shallow-blue"/>
		</Unit>
		<Unit filename="/Users/wouter/Documents/School/SysteemBasis/csd_proj/chess-engine/src/shallow-blue-fork/src/eval.cc">
			<Option target="shallow-blue"/>
		</Unit>
		<Unit filename="/Users/wouter/Documents/School/SysteemBasis/csd_proj/chess-engine/src/shallow-blue-fork/src/eval.h">
			<Option target="shallow-blue"/>
		</Unit>
		<Unit filename="/Users/wouter/Documents/School/SysteemBasis/csd_proj/chess-engine/src/shallow-blue-fork/src/generalmovepicker.cc">
			<Option target="shallow-blue"/>
		</Unit>
		<Unit filename="/Users/wouter/Documents/School/SysteemBasis/csd_proj/chess-engine/src/shallow-blue-fork/src/generalmovepicker.h">
			<Option target="shallow-blue"/>
		</Unit>
		<Unit filename="/Users/wouter/Documents/School/SysteemBasis/csd_proj/chess-engine/src/shallow-blue-fork/src/main.cc">
			<Option target="shallow-blue"/>
		</Unit>
		<Unit filename="/Users/wouter/Documents/School/SysteemBasis/csd_proj/chess-engine/src/shallow-blue-fork/src/move.cc">
			<Option target="shallow-blue"/>
		</Unit>
		<Unit filename="/Users/wouter/Documents/School/SysteemBasis/csd_proj/chess-engine/src/shallow-blue-fork/src/move.h">
			<Option target="shallow-blue"/>
		</Unit>
		<Unit filename="/Users/wouter/Documents/School/SysteemBasis/csd_proj/chess-engine/src/shallow-blue-fork/src/movegen.cc">
			<Option target="shallow-blue"/>
		</Unit>
		<Unit filename="/Users/wouter/Documents/School/SysteemBasis/csd_proj/chess-engine/src/shallow-blue-fork/src/movegen.h">
			<Option target="shallow-blue"/>
		</Unit>
		<Unit filename="/Users/wouter/Documents/School/SysteemBasis/csd_proj/chess-engine/src/shallow-blue-fork/src/movepicker.cc">
			<Option target="shallow-blue"/>
		</Unit>
		<Unit filename="/Users/wouter/Documents/School/SysteemBasis/csd_proj/chess-engine/src/shallow-blue-fork/src/movepicker.h">
			<Option target="shallow-blue"/>
		</Unit>
		<Unit filename="/Users/wouter/Documents/School/SysteemBasis/csd_proj/chess-engine/src/shallow-blue-fork/src/option.cc">
			<Option target="shallow-blue"/>
		</Unit>
		<Unit filename="/Users/wouter/Documents/School/SysteemBasis/csd_proj/chess-engine/src/shallow-blue-fork/src/option.h">
			<Option target="shallow-blue"/>
		</Unit>
		<Unit filename="/Users/wouter/Documents/School/SysteemBasis/csd_proj/chess-engine/src/shallow-blue-fork/src/orderinginfo.cc">
			<Option target="shallow-blue"/>
		</Unit>
		<Unit filename="/Users/wouter/Documents/School/SysteemBasis/csd_proj/chess-engine/src/shallow-blue-fork/src/orderinginfo.h">
			<Option target="shallow-blue"/>
		</Unit>
		<Unit filename="/Users/wouter/Documents/School/SysteemBasis/csd_proj/chess-engine/src/shallow-blue-fork/src/pawnstructuretable.cc">
			<Option target="shallow-blue"/>
		</Unit>
		<Unit filename="/Users/wouter/Documents/School/SysteemBasis/csd_proj/chess-engine/src/shallow-blue-fork/src/pawnstructuretable.h">
			<Option target="shallow-blue"/>
		</Unit>
		<Unit filename="/Users/wouter/Documents/School/SysteemBasis/csd_proj/chess-engine/src/shallow-blue-fork/src/psquaretable.cc">
			<Option target="shallow-blue"/>
		</Unit>
		<Unit filename="/Users/wouter/Documents/School/SysteemBasis/csd_proj/chess-engine/src/shallow-blue-fork/src/psquaretable.h">
			<Option target="shallow-blue"/>
		</Unit>
		<Unit filename="/Users/wouter/Documents/School/SysteemBasis/csd_proj/chess-engine/src/shallow-blue-fork/src/qsearchmovepicker.cc">
			<Option target="shallow-blue"/>
		</Unit>
		<Unit filename="/Users/wouter/Documents/School/SysteemBasis/csd_proj/chess-engine/src/shallow-blue-fork/src/qsearchmovepicker.h">
			<Option target="shallow-blue"/>
		</Unit>
		<Unit filename="/Users/wouter/Documents/School/SysteemBasis/csd_proj/chess-engine/src/shallow-blue-fork/src/rays.cc">
			<Option target="shallow-blue"/>
		</Unit>
		<Unit filename="/Users/wouter/Documents/School/SysteemBasis/csd_proj/chess-engine/src/shallow-blue-fork/src/rays.h">
			<Option target="shallow-blue"/>
		</Unit>
		<Unit filename="/Users/wouter/Documents/School/SysteemBasis/csd_proj/chess-engine/src/shallow-blue-fork/src/search.cc">
			<Option target="shallow-blue"/>
		</Unit>
		<Unit filename="/Users/wouter/Documents/School/SysteemBasis/csd_proj/chess-engine/src/shallow-blue-fork/src/search.h">
			<Option target="shallow-blue"/>
		</Unit>
		<Unit filename="/Users/wouter/Documents/School/SysteemBasis/csd_proj/chess-engine/src/shallow-blue-fork/src/transptable.cc">
			<Option target="shallow-blue"/>
		</Unit>
		<Unit filename="/Users/wouter/Documents/School/SysteemBasis/csd_proj/chess-engine/src/shallow-blue-fork/src/transptable.h">
			<Option target="shallow-blue"/>
		</Unit>
		<Unit filename="/Users/wouter/Documents/School/SysteemBasis/csd_proj/chess-engine/src/shallow-blue-fork/src/transptableentry.h">
			<Option target="shallow-blue"/>
		</Unit>
		<Unit filename="/Users/wouter/Documents/School/SysteemBasis/csd_proj/chess-engine/src/shallow-blue-fork/src/uci.cc">
			<Option target="shallow-blue"/>
		</Unit>
		<Unit filename="/Users/wouter/Documents/School/SysteemBasis/csd_proj/chess-engine/src/shallow-blue-fork/src/uci.h">
			<Option target="shallow-blue"/>
		</Unit>
		<Unit filename="/Users/wouter/Documents/School/SysteemBasis/csd_proj/chess-engine/src/shallow-blue-fork/src/version.h">
			<Option target="shallow-blue"/>
		</Unit>
		<Unit filename="/Users/wouter/Documents/School/SysteemBasis/csd_proj/chess-engine/src/shallow-blue-fork/src/zkey.cc">
			<Option target="shallow-blue"/>
		</Unit>
		<Unit filename="/Users/wouter/Documents/School/SysteemBasis/csd_proj/chess-engine/src/shallow-blue-fork/src/zkey.h">
			<Option target="shallow-blue"/>
		</Unit>
		<Unit filename="/Users/wouter/Documents/School/SysteemBasis/csd_proj/chess-engine/src/tinyosc/osc_interface.h">
			<Option target="tiny-osc"/>
		</Unit>
		<Unit filename="/Users/wouter/Documents/School/SysteemBasis/csd_proj/chess-engine/src/tinyosc/tinyosc.c">
			<Option target="tiny-osc"/>
		</Unit>
		<Unit filename="/Users/wouter/Documents/School/SysteemBasis/csd_proj/chess-engine/src/tinyosc/tinyosc.h">
			<Option target="tiny-osc"/>
		</Unit>
		<Unit filename="/Users/wouter/Documents/School/SysteemBasis/csd_proj/chess-engine/CMakeLists.txt">
			<Option virtualFolder="CMake Files\"/>
		</Unit>
		<Unit filename="/Users/wouter/Documents/School/SysteemBasis/csd_proj/chess-engine/src/CMakeLists.txt">
			<Option virtualFolder="CMake Files\src\"/>
		</Unit>
		<Unit filename="/Users/wouter/Documents/School/SysteemBasis/csd_proj/chess-engine/src/shallow-blue-fork/CMakeLists.txt">
			<Option virtualFolder="CMake Files\src\shallow-blue-fork\"/>
		</Unit>
		<Unit filename="/Users/wouter/Documents/School/SysteemBasis/csd_proj/chess-engine/src/tinyosc/CMakeLists.txt">
			<Option virtualFolder="CMake Files\src\tinyosc\"/>
		</Unit>
	</Project>
</CodeBlocks_project_file>
