<?xml version="1.0" encoding="UTF-8"?>
<CodeBlocks_project_file>
	<FileVersion major="1" minor="6"/>
	<Project>
		<Option title="chess-engine"/>
		<Option makefile_is_custom="1"/>
		<Option compiler="gcc"/>
		<Option virtualFolders="CMake Files\;"/>
		<Build>
			<Target title="all">
				<Option working_dir="/Users/wouter/Documents/School/SysteemBasis/csd_proj/chess-engine"/>
				<Option type="4"/>
				<MakeCommands>
					<Build command="/usr/bin/make -j12 -f &quot;/Users/wouter/Documents/School/SysteemBasis/csd_proj/chess-engine/Makefile&quot;  VERBOSE=1 all"/>
					<CompileFile command="/usr/bin/make -j12 -f &quot;/Users/wouter/Documents/School/SysteemBasis/csd_proj/chess-engine/Makefile&quot;  VERBOSE=1 &quot;$file&quot;"/>
					<Clean command="/usr/bin/make -j12 -f &quot;/Users/wouter/Documents/School/SysteemBasis/csd_proj/chess-engine/Makefile&quot;  VERBOSE=1 clean"/>
					<DistClean command="/usr/bin/make -j12 -f &quot;/Users/wouter/Documents/School/SysteemBasis/csd_proj/chess-engine/Makefile&quot;  VERBOSE=1 clean"/>
				</MakeCommands>
			</Target>
			<Target title="rebuild_cache">
				<Option working_dir="/Users/wouter/Documents/School/SysteemBasis/csd_proj/chess-engine"/>
				<Option type="4"/>
				<MakeCommands>
					<Build command="/usr/bin/make -j12 -f &quot;/Users/wouter/Documents/School/SysteemBasis/csd_proj/chess-engine/Makefile&quot;  VERBOSE=1 rebuild_cache"/>
					<CompileFile command="/usr/bin/make -j12 -f &quot;/Users/wouter/Documents/School/SysteemBasis/csd_proj/chess-engine/Makefile&quot;  VERBOSE=1 &quot;$file&quot;"/>
					<Clean command="/usr/bin/make -j12 -f &quot;/Users/wouter/Documents/School/SysteemBasis/csd_proj/chess-engine/Makefile&quot;  VERBOSE=1 clean"/>
					<DistClean command="/usr/bin/make -j12 -f &quot;/Users/wouter/Documents/School/SysteemBasis/csd_proj/chess-engine/Makefile&quot;  VERBOSE=1 clean"/>
				</MakeCommands>
			</Target>
			<Target title="edit_cache">
				<Option working_dir="/Users/wouter/Documents/School/SysteemBasis/csd_proj/chess-engine"/>
				<Option type="4"/>
				<MakeCommands>
					<Build command="/usr/bin/make -j12 -f &quot;/Users/wouter/Documents/School/SysteemBasis/csd_proj/chess-engine/Makefile&quot;  VERBOSE=1 edit_cache"/>
					<CompileFile command="/usr/bin/make -j12 -f &quot;/Users/wouter/Documents/School/SysteemBasis/csd_proj/chess-engine/Makefile&quot;  VERBOSE=1 &quot;$file&quot;"/>
					<Clean command="/usr/bin/make -j12 -f &quot;/Users/wouter/Documents/School/SysteemBasis/csd_proj/chess-engine/Makefile&quot;  VERBOSE=1 clean"/>
					<DistClean command="/usr/bin/make -j12 -f &quot;/Users/wouter/Documents/School/SysteemBasis/csd_proj/chess-engine/Makefile&quot;  VERBOSE=1 clean"/>
				</MakeCommands>
			</Target>
			<Target title="chess-engine-test">
				<Option output="/Users/wouter/Documents/School/SysteemBasis/csd_proj/chess-engine/chess-engine-test" prefix_auto="0" extension_auto="0"/>
				<Option working_dir="/Users/wouter/Documents/School/SysteemBasis/csd_proj/chess-engine"/>
				<Option object_output="./"/>
				<Option type="1"/>
				<Option compiler="gcc"/>
				<Compiler>
					<Add directory="/Applications/Xcode.app/Contents/Developer/Toolchains/XcodeDefault.xctoolchain/usr/bin/../include/c++/v1"/>
					<Add directory="/usr/local/include"/>
					<Add directory="/Applications/Xcode.app/Contents/Developer/Toolchains/XcodeDefault.xctoolchain/usr/lib/clang/11.0.3/include"/>
					<Add directory="/Applications/Xcode.app/Contents/Developer/Toolchains/XcodeDefault.xctoolchain/usr/include"/>
					<Add directory="/System/Library/Frameworks"/>
					<Add directory="/Library/Frameworks"/>
				</Compiler>
				<MakeCommands>
					<Build command="/usr/bin/make -j12 -f &quot;/Users/wouter/Documents/School/SysteemBasis/csd_proj/chess-engine/Makefile&quot;  VERBOSE=1 chess-engine-test"/>
					<CompileFile command="/usr/bin/make -j12 -f &quot;/Users/wouter/Documents/School/SysteemBasis/csd_proj/chess-engine/Makefile&quot;  VERBOSE=1 &quot;$file&quot;"/>
					<Clean command="/usr/bin/make -j12 -f &quot;/Users/wouter/Documents/School/SysteemBasis/csd_proj/chess-engine/Makefile&quot;  VERBOSE=1 clean"/>
					<DistClean command="/usr/bin/make -j12 -f &quot;/Users/wouter/Documents/School/SysteemBasis/csd_proj/chess-engine/Makefile&quot;  VERBOSE=1 clean"/>
				</MakeCommands>
			</Target>
			<Target title="chess-engine-test/fast">
				<Option output="/Users/wouter/Documents/School/SysteemBasis/csd_proj/chess-engine/chess-engine-test" prefix_auto="0" extension_auto="0"/>
				<Option working_dir="/Users/wouter/Documents/School/SysteemBasis/csd_proj/chess-engine"/>
				<Option object_output="./"/>
				<Option type="1"/>
				<Option compiler="gcc"/>
				<Compiler>
					<Add directory="/Applications/Xcode.app/Contents/Developer/Toolchains/XcodeDefault.xctoolchain/usr/bin/../include/c++/v1"/>
					<Add directory="/usr/local/include"/>
					<Add directory="/Applications/Xcode.app/Contents/Developer/Toolchains/XcodeDefault.xctoolchain/usr/lib/clang/11.0.3/include"/>
					<Add directory="/Applications/Xcode.app/Contents/Developer/Toolchains/XcodeDefault.xctoolchain/usr/include"/>
					<Add directory="/System/Library/Frameworks"/>
					<Add directory="/Library/Frameworks"/>
				</Compiler>
				<MakeCommands>
					<Build command="/usr/bin/make -j12 -f &quot;/Users/wouter/Documents/School/SysteemBasis/csd_proj/chess-engine/Makefile&quot;  VERBOSE=1 chess-engine-test/fast"/>
					<CompileFile command="/usr/bin/make -j12 -f &quot;/Users/wouter/Documents/School/SysteemBasis/csd_proj/chess-engine/Makefile&quot;  VERBOSE=1 &quot;$file&quot;"/>
					<Clean command="/usr/bin/make -j12 -f &quot;/Users/wouter/Documents/School/SysteemBasis/csd_proj/chess-engine/Makefile&quot;  VERBOSE=1 clean"/>
					<DistClean command="/usr/bin/make -j12 -f &quot;/Users/wouter/Documents/School/SysteemBasis/csd_proj/chess-engine/Makefile&quot;  VERBOSE=1 clean"/>
				</MakeCommands>
			</Target>
			<Target title="test">
				<Option working_dir="/Users/wouter/Documents/School/SysteemBasis/csd_proj/chess-engine"/>
				<Option type="4"/>
				<MakeCommands>
					<Build command="/usr/bin/make -j12 -f &quot;/Users/wouter/Documents/School/SysteemBasis/csd_proj/chess-engine/Makefile&quot;  VERBOSE=1 test"/>
					<CompileFile command="/usr/bin/make -j12 -f &quot;/Users/wouter/Documents/School/SysteemBasis/csd_proj/chess-engine/Makefile&quot;  VERBOSE=1 &quot;$file&quot;"/>
					<Clean command="/usr/bin/make -j12 -f &quot;/Users/wouter/Documents/School/SysteemBasis/csd_proj/chess-engine/Makefile&quot;  VERBOSE=1 clean"/>
					<DistClean command="/usr/bin/make -j12 -f &quot;/Users/wouter/Documents/School/SysteemBasis/csd_proj/chess-engine/Makefile&quot;  VERBOSE=1 clean"/>
				</MakeCommands>
			</Target>
			<Target title="chess-engine">
				<Option output="/Users/wouter/Documents/School/SysteemBasis/csd_proj/chess-engine/chess-engine" prefix_auto="0" extension_auto="0"/>
				<Option working_dir="/Users/wouter/Documents/School/SysteemBasis/csd_proj/chess-engine"/>
				<Option object_output="./"/>
				<Option type="1"/>
				<Option compiler="gcc"/>
				<Compiler>
					<Add directory="/Applications/Xcode.app/Contents/Developer/Toolchains/XcodeDefault.xctoolchain/usr/bin/../include/c++/v1"/>
					<Add directory="/usr/local/include"/>
					<Add directory="/Applications/Xcode.app/Contents/Developer/Toolchains/XcodeDefault.xctoolchain/usr/lib/clang/11.0.3/include"/>
					<Add directory="/Applications/Xcode.app/Contents/Developer/Toolchains/XcodeDefault.xctoolchain/usr/include"/>
					<Add directory="/System/Library/Frameworks"/>
					<Add directory="/Library/Frameworks"/>
				</Compiler>
				<MakeCommands>
					<Build command="/usr/bin/make -j12 -f &quot;/Users/wouter/Documents/School/SysteemBasis/csd_proj/chess-engine/Makefile&quot;  VERBOSE=1 chess-engine"/>
					<CompileFile command="/usr/bin/make -j12 -f &quot;/Users/wouter/Documents/School/SysteemBasis/csd_proj/chess-engine/Makefile&quot;  VERBOSE=1 &quot;$file&quot;"/>
					<Clean command="/usr/bin/make -j12 -f &quot;/Users/wouter/Documents/School/SysteemBasis/csd_proj/chess-engine/Makefile&quot;  VERBOSE=1 clean"/>
					<DistClean command="/usr/bin/make -j12 -f &quot;/Users/wouter/Documents/School/SysteemBasis/csd_proj/chess-engine/Makefile&quot;  VERBOSE=1 clean"/>
				</MakeCommands>
			</Target>
			<Target title="chess-engine/fast">
				<Option output="/Users/wouter/Documents/School/SysteemBasis/csd_proj/chess-engine/chess-engine" prefix_auto="0" extension_auto="0"/>
				<Option working_dir="/Users/wouter/Documents/School/SysteemBasis/csd_proj/chess-engine"/>
				<Option object_output="./"/>
				<Option type="1"/>
				<Option compiler="gcc"/>
				<Compiler>
					<Add directory="/Applications/Xcode.app/Contents/Developer/Toolchains/XcodeDefault.xctoolchain/usr/bin/../include/c++/v1"/>
					<Add directory="/usr/local/include"/>
					<Add directory="/Applications/Xcode.app/Contents/Developer/Toolchains/XcodeDefault.xctoolchain/usr/lib/clang/11.0.3/include"/>
					<Add directory="/Applications/Xcode.app/Contents/Developer/Toolchains/XcodeDefault.xctoolchain/usr/include"/>
					<Add directory="/System/Library/Frameworks"/>
					<Add directory="/Library/Frameworks"/>
				</Compiler>
				<MakeCommands>
					<Build command="/usr/bin/make -j12 -f &quot;/Users/wouter/Documents/School/SysteemBasis/csd_proj/chess-engine/Makefile&quot;  VERBOSE=1 chess-engine/fast"/>
					<CompileFile command="/usr/bin/make -j12 -f &quot;/Users/wouter/Documents/School/SysteemBasis/csd_proj/chess-engine/Makefile&quot;  VERBOSE=1 &quot;$file&quot;"/>
					<Clean command="/usr/bin/make -j12 -f &quot;/Users/wouter/Documents/School/SysteemBasis/csd_proj/chess-engine/Makefile&quot;  VERBOSE=1 clean"/>
					<DistClean command="/usr/bin/make -j12 -f &quot;/Users/wouter/Documents/School/SysteemBasis/csd_proj/chess-engine/Makefile&quot;  VERBOSE=1 clean"/>
				</MakeCommands>
			</Target>
		</Build>
		<Unit filename="/Users/wouter/Documents/School/SysteemBasis/csd_proj/chess-engine/src/main.cpp">
			<Option target="chess-engine"/>
		</Unit>
		<Unit filename="/Users/wouter/Documents/School/SysteemBasis/csd_proj/chess-engine/src/shallow-blue-fork/src/attacks.cc">
			<Option target="chess-engine-test"/>
			<Option target="chess-engine"/>
		</Unit>
		<Unit filename="/Users/wouter/Documents/School/SysteemBasis/csd_proj/chess-engine/src/shallow-blue-fork/src/attacks.h">
			<Option target="chess-engine-test"/>
			<Option target="chess-engine"/>
		</Unit>
		<Unit filename="/Users/wouter/Documents/School/SysteemBasis/csd_proj/chess-engine/src/shallow-blue-fork/src/board.cc">
			<Option target="chess-engine-test"/>
			<Option target="chess-engine"/>
		</Unit>
		<Unit filename="/Users/wouter/Documents/School/SysteemBasis/csd_proj/chess-engine/src/shallow-blue-fork/src/board.h">
			<Option target="chess-engine-test"/>
			<Option target="chess-engine"/>
		</Unit>
		<Unit filename="/Users/wouter/Documents/School/SysteemBasis/csd_proj/chess-engine/src/shallow-blue-fork/src/book.cc">
			<Option target="chess-engine-test"/>
			<Option target="chess-engine"/>
		</Unit>
		<Unit filename="/Users/wouter/Documents/School/SysteemBasis/csd_proj/chess-engine/src/shallow-blue-fork/src/book.h">
			<Option target="chess-engine-test"/>
			<Option target="chess-engine"/>
		</Unit>
		<Unit filename="/Users/wouter/Documents/School/SysteemBasis/csd_proj/chess-engine/src/shallow-blue-fork/src/eval.cc">
			<Option target="chess-engine-test"/>
			<Option target="chess-engine"/>
		</Unit>
		<Unit filename="/Users/wouter/Documents/School/SysteemBasis/csd_proj/chess-engine/src/shallow-blue-fork/src/eval.h">
			<Option target="chess-engine-test"/>
			<Option target="chess-engine"/>
		</Unit>
		<Unit filename="/Users/wouter/Documents/School/SysteemBasis/csd_proj/chess-engine/src/shallow-blue-fork/src/generalmovepicker.cc">
			<Option target="chess-engine-test"/>
			<Option target="chess-engine"/>
		</Unit>
		<Unit filename="/Users/wouter/Documents/School/SysteemBasis/csd_proj/chess-engine/src/shallow-blue-fork/src/generalmovepicker.h">
			<Option target="chess-engine-test"/>
			<Option target="chess-engine"/>
		</Unit>
		<Unit filename="/Users/wouter/Documents/School/SysteemBasis/csd_proj/chess-engine/src/shallow-blue-fork/src/main.cc">
			<Option target="chess-engine-test"/>
			<Option target="chess-engine"/>
		</Unit>
		<Unit filename="/Users/wouter/Documents/School/SysteemBasis/csd_proj/chess-engine/src/shallow-blue-fork/src/move.cc">
			<Option target="chess-engine-test"/>
			<Option target="chess-engine"/>
		</Unit>
		<Unit filename="/Users/wouter/Documents/School/SysteemBasis/csd_proj/chess-engine/src/shallow-blue-fork/src/move.h">
			<Option target="chess-engine-test"/>
			<Option target="chess-engine"/>
		</Unit>
		<Unit filename="/Users/wouter/Documents/School/SysteemBasis/csd_proj/chess-engine/src/shallow-blue-fork/src/movegen.cc">
			<Option target="chess-engine-test"/>
			<Option target="chess-engine"/>
		</Unit>
		<Unit filename="/Users/wouter/Documents/School/SysteemBasis/csd_proj/chess-engine/src/shallow-blue-fork/src/movegen.h">
			<Option target="chess-engine-test"/>
			<Option target="chess-engine"/>
		</Unit>
		<Unit filename="/Users/wouter/Documents/School/SysteemBasis/csd_proj/chess-engine/src/shallow-blue-fork/src/movepicker.cc">
			<Option target="chess-engine-test"/>
			<Option target="chess-engine"/>
		</Unit>
		<Unit filename="/Users/wouter/Documents/School/SysteemBasis/csd_proj/chess-engine/src/shallow-blue-fork/src/movepicker.h">
			<Option target="chess-engine-test"/>
			<Option target="chess-engine"/>
		</Unit>
		<Unit filename="/Users/wouter/Documents/School/SysteemBasis/csd_proj/chess-engine/src/shallow-blue-fork/src/option.cc">
			<Option target="chess-engine-test"/>
			<Option target="chess-engine"/>
		</Unit>
		<Unit filename="/Users/wouter/Documents/School/SysteemBasis/csd_proj/chess-engine/src/shallow-blue-fork/src/option.h">
			<Option target="chess-engine-test"/>
			<Option target="chess-engine"/>
		</Unit>
		<Unit filename="/Users/wouter/Documents/School/SysteemBasis/csd_proj/chess-engine/src/shallow-blue-fork/src/orderinginfo.cc">
			<Option target="chess-engine-test"/>
			<Option target="chess-engine"/>
		</Unit>
		<Unit filename="/Users/wouter/Documents/School/SysteemBasis/csd_proj/chess-engine/src/shallow-blue-fork/src/orderinginfo.h">
			<Option target="chess-engine-test"/>
			<Option target="chess-engine"/>
		</Unit>
		<Unit filename="/Users/wouter/Documents/School/SysteemBasis/csd_proj/chess-engine/src/shallow-blue-fork/src/pawnstructuretable.cc">
			<Option target="chess-engine-test"/>
			<Option target="chess-engine"/>
		</Unit>
		<Unit filename="/Users/wouter/Documents/School/SysteemBasis/csd_proj/chess-engine/src/shallow-blue-fork/src/pawnstructuretable.h">
			<Option target="chess-engine-test"/>
			<Option target="chess-engine"/>
		</Unit>
		<Unit filename="/Users/wouter/Documents/School/SysteemBasis/csd_proj/chess-engine/src/shallow-blue-fork/src/psquaretable.cc">
			<Option target="chess-engine-test"/>
			<Option target="chess-engine"/>
		</Unit>
		<Unit filename="/Users/wouter/Documents/School/SysteemBasis/csd_proj/chess-engine/src/shallow-blue-fork/src/psquaretable.h">
			<Option target="chess-engine-test"/>
			<Option target="chess-engine"/>
		</Unit>
		<Unit filename="/Users/wouter/Documents/School/SysteemBasis/csd_proj/chess-engine/src/shallow-blue-fork/src/qsearchmovepicker.cc">
			<Option target="chess-engine-test"/>
			<Option target="chess-engine"/>
		</Unit>
		<Unit filename="/Users/wouter/Documents/School/SysteemBasis/csd_proj/chess-engine/src/shallow-blue-fork/src/qsearchmovepicker.h">
			<Option target="chess-engine-test"/>
			<Option target="chess-engine"/>
		</Unit>
		<Unit filename="/Users/wouter/Documents/School/SysteemBasis/csd_proj/chess-engine/src/shallow-blue-fork/src/rays.cc">
			<Option target="chess-engine-test"/>
			<Option target="chess-engine"/>
		</Unit>
		<Unit filename="/Users/wouter/Documents/School/SysteemBasis/csd_proj/chess-engine/src/shallow-blue-fork/src/rays.h">
			<Option target="chess-engine-test"/>
			<Option target="chess-engine"/>
		</Unit>
		<Unit filename="/Users/wouter/Documents/School/SysteemBasis/csd_proj/chess-engine/src/shallow-blue-fork/src/search.cc">
			<Option target="chess-engine-test"/>
			<Option target="chess-engine"/>
		</Unit>
		<Unit filename="/Users/wouter/Documents/School/SysteemBasis/csd_proj/chess-engine/src/shallow-blue-fork/src/search.h">
			<Option target="chess-engine-test"/>
			<Option target="chess-engine"/>
		</Unit>
		<Unit filename="/Users/wouter/Documents/School/SysteemBasis/csd_proj/chess-engine/src/shallow-blue-fork/src/transptable.cc">
			<Option target="chess-engine-test"/>
			<Option target="chess-engine"/>
		</Unit>
		<Unit filename="/Users/wouter/Documents/School/SysteemBasis/csd_proj/chess-engine/src/shallow-blue-fork/src/transptable.h">
			<Option target="chess-engine-test"/>
			<Option target="chess-engine"/>
		</Unit>
		<Unit filename="/Users/wouter/Documents/School/SysteemBasis/csd_proj/chess-engine/src/shallow-blue-fork/src/uci.cc">
			<Option target="chess-engine-test"/>
			<Option target="chess-engine"/>
		</Unit>
		<Unit filename="/Users/wouter/Documents/School/SysteemBasis/csd_proj/chess-engine/src/shallow-blue-fork/src/uci.h">
			<Option target="chess-engine-test"/>
			<Option target="chess-engine"/>
		</Unit>
		<Unit filename="/Users/wouter/Documents/School/SysteemBasis/csd_proj/chess-engine/src/shallow-blue-fork/src/zkey.cc">
			<Option target="chess-engine-test"/>
			<Option target="chess-engine"/>
		</Unit>
		<Unit filename="/Users/wouter/Documents/School/SysteemBasis/csd_proj/chess-engine/src/shallow-blue-fork/src/zkey.h">
			<Option target="chess-engine-test"/>
			<Option target="chess-engine"/>
		</Unit>
		<Unit filename="/Users/wouter/Documents/School/SysteemBasis/csd_proj/chess-engine/src/tests/test.cpp">
			<Option target="chess-engine-test"/>
		</Unit>
		<Unit filename="/Users/wouter/Documents/School/SysteemBasis/csd_proj/chess-engine/CMakeLists.txt">
			<Option virtualFolder="CMake Files\"/>
		</Unit>
	</Project>
</CodeBlocks_project_file>
